
Microsoft Visual Studio Solution File, Format Version 12.00
# Visual Studio Version 17
VisualStudioVersion = 17.4.33213.308
MinimumVisualStudioVersion = 10.0.40219.1
Project("{FAE04EC0-301F-11D3-BF4B-00C04F79EFBC}") = "webApp_mvc", "webApp_mvc\webApp_mvc.csproj", "{BD1827F4-34E8-4499-BFDF-CDA4B44AD061}"
EndProject
Global
	GlobalSection(SolutionConfigurationPlatforms) = preSolution
		Debug|Any CPU = Debug|Any CPU
		Release|Any CPU = Release|Any CPU
	EndGlobalSection
	GlobalSection(ProjectConfigurationPlatforms) = postSolution
		{BD1827F4-34E8-4499-BFDF-CDA4B44AD061}.Debug|Any CPU.ActiveCfg = Debug|Any CPU
		{BD1827F4-34E8-4499-BFDF-CDA4B44AD061}.Debug|Any CPU.Build.0 = Debug|Any CPU
		{BD1827F4-34E8-4499-BFDF-CDA4B44AD061}.Release|Any CPU.ActiveCfg = Release|Any CPU
		{BD1827F4-34E8-4499-BFDF-CDA4B44AD061}.Release|Any CPU.Build.0 = Release|Any CPU
	EndGlobalSection
	GlobalSection(SolutionProperties) = preSolution
		HideSolutionNode = FALSE
	EndGlobalSection
	GlobalSection(ExtensibilityGlobals) = postSolution
		SolutionGuid = {55A6F957-B422-4E3F-B693-282D44713E24}
	EndGlobalSection
EndGlobal
